
Microsoft Visual Studio Solution File, Format Version 12.00
# Visual Studio Version 17
VisualStudioVersion = 17.3.32929.385
MinimumVisualStudioVersion = 10.0.40219.1
Project("{FAE04EC0-301F-11D3-BF4B-00C04F79EFBC}") = "GUI_Project", "GUI_Project\GUI_Project.csproj", "{931A7335-01A1-4477-B6BA-F01D299E189F}"
EndProject
Global
	GlobalSection(SolutionConfigurationPlatforms) = preSolution
		Debug|Any CPU = Debug|Any CPU
		Release|Any CPU = Release|Any CPU
	EndGlobalSection
	GlobalSection(ProjectConfigurationPlatforms) = postSolution
		{931A7335-01A1-4477-B6BA-F01D299E189F}.Debug|Any CPU.ActiveCfg = Debug|Any CPU
		{931A7335-01A1-4477-B6BA-F01D299E189F}.Debug|Any CPU.Build.0 = Debug|Any CPU
		{931A7335-01A1-4477-B6BA-F01D299E189F}.Release|Any CPU.ActiveCfg = Release|Any CPU
		{931A7335-01A1-4477-B6BA-F01D299E189F}.Release|Any CPU.Build.0 = Release|Any CPU
	EndGlobalSection
	GlobalSection(SolutionProperties) = preSolution
		HideSolutionNode = FALSE
	EndGlobalSection
	GlobalSection(ExtensibilityGlobals) = postSolution
		SolutionGuid = {B9B22298-792B-42B2-8C64-6D170BED4229}
	EndGlobalSection
EndGlobal
